
Microsoft Visual Studio Solution File, Format Version 12.00
# Visual Studio 15
VisualStudioVersion = 15.0.26124.0
MinimumVisualStudioVersion = 15.0.26124.0
Project("{FAE04EC0-301F-11D3-BF4B-00C04F79EFBC}") = "Domain", "Domain\Domain.csproj", "{C43706A8-DD0F-42CA-B09E-C2A659ABFC5D}"
EndProject
Project("{FAE04EC0-301F-11D3-BF4B-00C04F79EFBC}") = "Application", "Application\Application.csproj", "{63F6887C-D411-4109-A377-1F5C8062BEFD}"
EndProject
Project("{FAE04EC0-301F-11D3-BF4B-00C04F79EFBC}") = "Persistence", "Persistence\Persistence.csproj", "{F24E4DE1-6863-47EB-9BBD-04F2B95B73A3}"
EndProject
Project("{FAE04EC0-301F-11D3-BF4B-00C04F79EFBC}") = "API", "API\API.csproj", "{567ED83B-AB58-4009-9192-549B1C123A2C}"
EndProject
Global
	GlobalSection(SolutionConfigurationPlatforms) = preSolution
		Debug|Any CPU = Debug|Any CPU
		Debug|x64 = Debug|x64
		Debug|x86 = Debug|x86
		Release|Any CPU = Release|Any CPU
		Release|x64 = Release|x64
		Release|x86 = Release|x86
	EndGlobalSection
	GlobalSection(SolutionProperties) = preSolution
		HideSolutionNode = FALSE
	EndGlobalSection
	GlobalSection(ProjectConfigurationPlatforms) = postSolution
		{C43706A8-DD0F-42CA-B09E-C2A659ABFC5D}.Debug|Any CPU.ActiveCfg = Debug|Any CPU
		{C43706A8-DD0F-42CA-B09E-C2A659ABFC5D}.Debug|Any CPU.Build.0 = Debug|Any CPU
		{C43706A8-DD0F-42CA-B09E-C2A659ABFC5D}.Debug|x64.ActiveCfg = Debug|Any CPU
		{C43706A8-DD0F-42CA-B09E-C2A659ABFC5D}.Debug|x64.Build.0 = Debug|Any CPU
		{C43706A8-DD0F-42CA-B09E-C2A659ABFC5D}.Debug|x86.ActiveCfg = Debug|Any CPU
		{C43706A8-DD0F-42CA-B09E-C2A659ABFC5D}.Debug|x86.Build.0 = Debug|Any CPU
		{C43706A8-DD0F-42CA-B09E-C2A659ABFC5D}.Release|Any CPU.ActiveCfg = Release|Any CPU
		{C43706A8-DD0F-42CA-B09E-C2A659ABFC5D}.Release|Any CPU.Build.0 = Release|Any CPU
		{C43706A8-DD0F-42CA-B09E-C2A659ABFC5D}.Release|x64.ActiveCfg = Release|Any CPU
		{C43706A8-DD0F-42CA-B09E-C2A659ABFC5D}.Release|x64.Build.0 = Release|Any CPU
		{C43706A8-DD0F-42CA-B09E-C2A659ABFC5D}.Release|x86.ActiveCfg = Release|Any CPU
		{C43706A8-DD0F-42CA-B09E-C2A659ABFC5D}.Release|x86.Build.0 = Release|Any CPU
		{63F6887C-D411-4109-A377-1F5C8062BEFD}.Debug|Any CPU.ActiveCfg = Debug|Any CPU
		{63F6887C-D411-4109-A377-1F5C8062BEFD}.Debug|Any CPU.Build.0 = Debug|Any CPU
		{63F6887C-D411-4109-A377-1F5C8062BEFD}.Debug|x64.ActiveCfg = Debug|Any CPU
		{63F6887C-D411-4109-A377-1F5C8062BEFD}.Debug|x64.Build.0 = Debug|Any CPU
		{63F6887C-D411-4109-A377-1F5C8062BEFD}.Debug|x86.ActiveCfg = Debug|Any CPU
		{63F6887C-D411-4109-A377-1F5C8062BEFD}.Debug|x86.Build.0 = Debug|Any CPU
		{63F6887C-D411-4109-A377-1F5C8062BEFD}.Release|Any CPU.ActiveCfg = Release|Any CPU
		{63F6887C-D411-4109-A377-1F5C8062BEFD}.Release|Any CPU.Build.0 = Release|Any CPU
		{63F6887C-D411-4109-A377-1F5C8062BEFD}.Release|x64.ActiveCfg = Release|Any CPU
		{63F6887C-D411-4109-A377-1F5C8062BEFD}.Release|x64.Build.0 = Release|Any CPU
		{63F6887C-D411-4109-A377-1F5C8062BEFD}.Release|x86.ActiveCfg = Release|Any CPU
		{63F6887C-D411-4109-A377-1F5C8062BEFD}.Release|x86.Build.0 = Release|Any CPU
		{F24E4DE1-6863-47EB-9BBD-04F2B95B73A3}.Debug|Any CPU.ActiveCfg = Debug|Any CPU
		{F24E4DE1-6863-47EB-9BBD-04F2B95B73A3}.Debug|Any CPU.Build.0 = Debug|Any CPU
		{F24E4DE1-6863-47EB-9BBD-04F2B95B73A3}.Debug|x64.ActiveCfg = Debug|Any CPU
		{F24E4DE1-6863-47EB-9BBD-04F2B95B73A3}.Debug|x64.Build.0 = Debug|Any CPU
		{F24E4DE1-6863-47EB-9BBD-04F2B95B73A3}.Debug|x86.ActiveCfg = Debug|Any CPU
		{F24E4DE1-6863-47EB-9BBD-04F2B95B73A3}.Debug|x86.Build.0 = Debug|Any CPU
		{F24E4DE1-6863-47EB-9BBD-04F2B95B73A3}.Release|Any CPU.ActiveCfg = Release|Any CPU
		{F24E4DE1-6863-47EB-9BBD-04F2B95B73A3}.Release|Any CPU.Build.0 = Release|Any CPU
		{F24E4DE1-6863-47EB-9BBD-04F2B95B73A3}.Release|x64.ActiveCfg = Release|Any CPU
		{F24E4DE1-6863-47EB-9BBD-04F2B95B73A3}.Release|x64.Build.0 = Release|Any CPU
		{F24E4DE1-6863-47EB-9BBD-04F2B95B73A3}.Release|x86.ActiveCfg = Release|Any CPU
		{F24E4DE1-6863-47EB-9BBD-04F2B95B73A3}.Release|x86.Build.0 = Release|Any CPU
		{567ED83B-AB58-4009-9192-549B1C123A2C}.Debug|Any CPU.ActiveCfg = Debug|Any CPU
		{567ED83B-AB58-4009-9192-549B1C123A2C}.Debug|Any CPU.Build.0 = Debug|Any CPU
		{567ED83B-AB58-4009-9192-549B1C123A2C}.Debug|x64.ActiveCfg = Debug|Any CPU
		{567ED83B-AB58-4009-9192-549B1C123A2C}.Debug|x64.Build.0 = Debug|Any CPU
		{567ED83B-AB58-4009-9192-549B1C123A2C}.Debug|x86.ActiveCfg = Debug|Any CPU
		{567ED83B-AB58-4009-9192-549B1C123A2C}.Debug|x86.Build.0 = Debug|Any CPU
		{567ED83B-AB58-4009-9192-549B1C123A2C}.Release|Any CPU.ActiveCfg = Release|Any CPU
		{567ED83B-AB58-4009-9192-549B1C123A2C}.Release|Any CPU.Build.0 = Release|Any CPU
		{567ED83B-AB58-4009-9192-549B1C123A2C}.Release|x64.ActiveCfg = Release|Any CPU
		{567ED83B-AB58-4009-9192-549B1C123A2C}.Release|x64.Build.0 = Release|Any CPU
		{567ED83B-AB58-4009-9192-549B1C123A2C}.Release|x86.ActiveCfg = Release|Any CPU
		{567ED83B-AB58-4009-9192-549B1C123A2C}.Release|x86.Build.0 = Release|Any CPU
	EndGlobalSection
EndGlobal
